cel.dev/expr v0.25.1 h1:1KrZg61W6TWSxuNZ37Xy49ps13NUovb66QLprthtwi4=
cel.dev/expr v0.25.1/go.mod h1:hrXvqGP6G6gyx8UAHSHJ5RGk//1Oj5nXQ2NI02Nrsg4=
cloud.google.com/go v0.123.0 h1:2NAUJwPR47q+E35uaJeYoNhuNEM9kM8SjgRgdeOJUSE=
cloud.google.com/go v0.123.0/go.mod h1:xBoMV08QcqUGuPW65Qfm1o9Y4zKZBpGS+7bImXLTAZU=
cloud.google.com/go/auth v0.18.2 h1:+Nbt5Ev0xEqxlNjd6c+yYUeosQ5TtEUaNcN/3FozlaM=
cloud.google.com/go/auth v0.18.2/go.mod h1:xD+oY7gcahcu7G2SG2DsBerfFxgPAJz17zz2joOFF3M=
cloud.google.com/go/auth/oauth2adapt v0.2.8 h1:keo8NaayQZ6wimpNSmW5OPc283g65QNIiLpZnkHRbnc=
cloud.google.com/go/auth/oauth2adapt v0.2.8/go.mod h1:XQ9y31RkqZCcwJWNSx2Xvric3RrU88hAYYbjDWYDL+c=
cloud.google.com/go/compute v1.57.0 h1:uACoYJCUftJxxoI7si8u1S9szRDalftrWSjo1Dizfx4=
cloud.google.com/go/compute v1.57.0/go.mod h1:3shEe5By6FSIqBbZJBuqC0InvJKBKUiWZjrwGd1wkyA=
cloud.google.com/go/compute/metadata v0.9.0 h1:pDUj4QMoPejqq20dK0Pg2N4yG9zIkYGdBtwLoEkH9Zs=
cloud.google.com/go/compute/metadata v0.9.0/go.mod h1:E0bWwX5wTnLPedCKqk3pJmVgCBSM6qQI1yTBdEb3C10=
cloud.google.com/go/container v1.46.0 h1:xX94Lo3xrS5OkdMWKvpEVAbBwjN9uleVv6vOi02fL4s=
cloud.google.com/go/container v1.46.0/go.mod h1:A7gMqdQduTk46+zssWDTKbGS2z46UsJNXfKqvMI1ZO4=
cloud.google.com/go/iam v1.5.3 h1:+vMINPiDF2ognBJ97ABAYYwRgsaqxPbQDlMnbHMjolc=
cloud.google.com/go/iam v1.5.3/go.mod h1:MR3v9oLkZCTlaqljW6Eb2d3HGDGK5/bDv93jhfISFvU=
cloud.google.com/go/logging v1.13.2 h1:qqlHCBvieJT9Cdq4QqYx1KPadCQ2noD4FK02eNqHAjA=
cloud.google.com/go/logging v1.13.2/go.mod h1:zaybliM3yun1J8mU2dVQ1/qDzjbOqEijZCn6hSBtKak=
cloud.google.com/go/longrunning v0.8.0 h1:LiKK77J3bx5gDLi4SMViHixjD2ohlkwBi+mKA7EhfW8=
cloud.google.com/go/longrunning v0.8.0/go.mod h1:UmErU2Onzi+fKDg2gR7dusz11Pe26aknR4kHmJJqIfk=
cloud.google.com/go/monitoring v1.24.3 h1:dde+gMNc0UhPZD1Azu6at2e79bfdztVDS5lvhOdsgaE=
cloud.google.com/go/monitoring v1.24.3/go.mod h1:nYP6W0tm3N9H/bOw8am7t62YTzZY+zUeQ+Bi6+2eonI=
cloud.google.com/go/storage v1.61.3 h1:VS//ZfBuPGDvakfD9xyPW1RGF1Vy3BWUoVZXgW1KMOg=
cloud.google.com/go/storage v1.61.3/go.mod h1:JtqK8BBB7TWv0HVGHubtUdzYYrakOQIsMLffZ2Z/HWk=
cloud.google.com/go/trace v1.11.7 h1:kDNDX8JkaAG3R2nq1lIdkb7FCSi1rCmsEtKVsty7p+U=
cloud.google.com/go/trace v1.11.7/go.mod h1:TNn9d5V3fQVf6s4SCveVMIBS2LJUqo73GACmq/Tky0s=
github.com/Azure/azure-sdk-for-go/sdk/azcore v1.20.0 h1:JXg2dwJUmPB9JmtVmdEB16APJ7jurfbY5jnfXpJoRMc=
github.com/Azure/azure-sdk-for-go/sdk/azcore v1.20.0/go.mod h1:YD5h/ldMsG0XiIw7PdyNhLxaM317eFh5yNLccNfGdyw=
github.com/Azure/azure-sdk-for-go/sdk/azidentity v1.13.1 h1:Hk5QBxZQC1jb2Fwj6mpzme37xbCDdNTxU7O9eb5+LB4=
github.com/Azure/azure-sdk-for-go/sdk/azidentity v1.13.1/go.mod h1:IYus9qsFobWIc2YVwe/WPjcnyCkPKtnHAqUYeebc8z0=
github.com/Azure/azure-sdk-for-go/sdk/azidentity/cache v0.3.2 h1:yz1bePFlP5Vws5+8ez6T3HWXPmwOK7Yvq8QxDBD3SKY=
github.com/Azure/azure-sdk-for-go/sdk/azidentity/cache v0.3.2/go.mod h1:Pa9ZNPuoNu/GztvBSKk9J1cDJW6vk/n0zLtV4mgd8N8=
github.com/Azure/azure-sdk-for-go/sdk/internal v1.11.2 h1:9iefClla7iYpfYWdzPCRDozdmndjTm8DXdpCzPajMgA=
github.com/Azure/azure-sdk-for-go/sdk/internal v1.11.2/go.mod h1:XtLgD3ZD34DAaVIIAyG3objl5DynM3CQ/vMcbBNJZGI=
github.com/Azure/azure-sdk-for-go/sdk/resourcemanager/apimanagement/armapimanagement v1.1.1 h1:jCkNVNpsEevyic4bmjgVjzVA4tMGSJpXNGirf+S+mDI=
github.com/Azure/azure-sdk-for-go/sdk/resourcemanager/apimanagement/armapimanagement v1.1.1/go.mod h1:a0Ug1l73Il7EhrCJEEt2dGjlNjvphppZq5KqJdgnwuw=
github.com/Azure/azure-sdk-for-go/sdk/resourcemanager/appconfiguration/armappconfiguration v1.1.1 h1:iRc20pGuVlc1HwRO2bg0m1tfP9rkPB0K88trl8Fei2w=
github.com/Azure/azure-sdk-for-go/sdk/resourcemanager/appconfiguration/armappconfiguration v1.1.1/go.mod h1:21Lewei+tg5zp5xmyOxfDY//2tBvWQXee0UoM8xZjr8=
github.com/Azure/azure-sdk-for-go/sdk/resourcemanager/applicationinsights/armapplicationinsights v1.2.0 h1:7FX6sHNPamIAyukt6w9Gw5Qa5bu+gVN2Iy70yHc0xns=
github.com/Azure/azure-sdk-for-go/sdk/resourcemanager/applicationinsights/armapplicationinsights v1.2.0/go.mod h1:S7Ss6Rm0nlKDRHKrO9eL2Be5EnX29Z09CNPWgK7o4+I=
github.com/Azure/azure-sdk-for-go/sdk/resourcemanager/appplatform/armappplatform v1.2.0 h1:7qfyoCIjzoD5R8U1W9Pca0f7MCEFP4fedmffJ6Sibx4=
github.com/Azure/azure-sdk-for-go/sdk/resourcemanager/appplatform/armappplatform v1.2.0/go.mod h1:Pdj19nzvUdwj9wS1Ahdp/VNZyrFzV+rPSd/X4kdMq2c=
github.com/Azure/azure-sdk-for-go/sdk/resourcemanager/appservice/armappservice/v4 v4.1.0 h1:dZurN2OdkxAZlaNw6cjEvo7uOonGFErtqQtos0RDl5Q=
github.com/Azure/azure-sdk-for-go/sdk/resourcemanager/appservice/armappservice/v4 v4.1.0/go.mod h1:/Qjzbz3yeXizRgrwP1lbwBIYYsAuMfDRWN0P5YbYgBM=
github.com/Azure/azure-sdk-for-go/sdk/resourcemanager/authorization/armauthorization/v3 v3.0.0-beta.2 h1:qiir/pptnHqp6hV8QwV+IExYIf6cPsXBfUDUXQ27t2Y=
github.com/Azure/azure-sdk-for-go/sdk/resourcemanager/authorization/armauthorization/v3 v3.0.0-beta.2/go.mod h1:jVRrRDLCOuif95HDYC23ADTMlvahB7tMdl519m9Iyjc=
github.com/Azure/azure-sdk-for-go/sdk/resourcemanager/automation/armautomation v0.9.0 h1:pzgp0VZDAnmgAkUPeedW1dTd7v3kSrwxFNabFAzB158=
github.com/Azure/azure-sdk-for-go/sdk/resourcemanager/automation/armautomation v0.9.0/go.mod h1:RbDEpcty79BkGei2pfm6duP7QEeWlzpKSJ07XTna6+Y=
github.com/Azure/azure-sdk-for-go/sdk/resourcemanager/batch/armbatch v1.2.1 h1:IdXgoDe3cTMEGXpaW1Y9sLNRhY4iy0Ul2rXGRfMlWLI=
github.com/Azure/azure-sdk-for-go/sdk/resourcemanager/batch/armbatch v1.2.1/go.mod h1:CHiiIYxbQfbFdCvAgmJ5/Ivp+s4tz+dQ9nO0Z7InRZY=
github.com/Azure/azure-sdk-for-go/sdk/resourcemanager/botservice/armbotservice v1.2.0 h1:RsM+VqnIUK6WLmKjIA0tbcZHdjoq9sVKaPTT4RrlnWs=
github.com/Azure/azure-sdk-for-go/sdk/resourcemanager/botservice/armbotservice v1.2.0/go.mod h1:d7OLd8MIV32CmujSnOFkT7R5N0YsV5qVI+WnKHzQujQ=
github.com/Azure/azure-sdk-for-go/sdk/resourcemanager/cognitiveservices/armcognitiveservices v1.8.0 h1:ZMGAqCZov8+7iFUPWKVcTaLgNXUeTlz20sIuWkQWNfg=
github.com/Azure/azure-sdk-for-go/sdk/resourcemanager/cognitiveservices/armcognitiveservices v1.8.0/go.mod h1:BElPQ/GZtrdQ2i5uDZw3OKLE1we75W0AEWyeBR1TWQA=
github.com/Azure/azure-sdk-for-go/sdk/resourcemanager/compute/armcompute/v6 v6.4.0 h1:z7Mqz6l0EFH549GvHEqfjKvi+cRScxLWbaoeLm9wxVQ=
github.com/Azure/azure-sdk-for-go/sdk/resourcemanager/compute/armcompute/v6 v6.4.0/go.mod h1:v6gbfH+7DG7xH2kUNs+ZJ9tF6O3iNnR85wMtmr+F54o=
github.com/Azure/azure-sdk-for-go/sdk/resourcemanager/containerinstance/armcontainerinstance/v2 v2.4.0 h1:+dIXMjlifRbG3d01DF8dwckUSXADuW5dgBNt1fbkpv0=
github.com/Azure/azure-sdk-for-go/sdk/resourcemanager/containerinstance/armcontainerinstance/v2 v2.4.0/go.mod h1:FN0UJ15tJ7kV7JYrYAleEq44Ew1cUiyLcJrfrTxHGd0=
github.com/Azure/azure-sdk-for-go/sdk/resourcemanager/containerregistry/armcontainerregistry v1.2.0 h1:DWlwvVV5r/Wy1561nZ3wrpI1/vDIBRY/Wd1HWaRBZWA=
github.com/Azure/azure-sdk-for-go/sdk/resourcemanager/containerregistry/armcontainerregistry v1.2.0/go.mod h1:E7ltexgRDmeJ0fJWv0D/HLwY2xbDdN+uv+X2uZtOx3w=
github.com/Azure/azure-sdk-for-go/sdk/resourcemanager/containerservice/armcontainerservice/v5 v5.0.0 h1:5n7dPVqsWfVKw+ZiEKSd3Kzu7gwBkbEBkeXb8rgaE9Q=
github.com/Azure/azure-sdk-for-go/sdk/resourcemanager/containerservice/armcontainerservice/v5 v5.0.0/go.mod h1:HcZY0PHPo/7d75p99lB6lK0qYOP4vLRJUBpiehYXtLQ=
github.com/Azure/azure-sdk-for-go/sdk/resourcemanager/containerservice/armcontainerservice/v6 v6.6.0 h1:xkWEcbsnJWid3rOf/S/LOHy1I55JA+4kw/f8Tnm+Onc=
github.com/Azure/azure-sdk-for-go/sdk/resourcemanager/containerservice/armcontainerservice/v6 v6.6.0/go.mod h1:OWKfCmX4X3Vp2w7GSx1LZn8566tOHJBA6K0IAUVNYx0=
github.com/Azure/azure-sdk-for-go/sdk/resourcemanager/cosmos/armcosmos v1.0.0 h1:Fv8iibGn1eSw0lt2V3cTsuokBEnOP+M//n8OiMcCgTM=
github.com/Azure/azure-sdk-for-go/sdk/resourcemanager/cosmos/armcosmos v1.0.0/go.mod h1:Qpe/qN9d5IQ7WPtTXMRCd6+BWTnhi3sxXVys6oJ5Vho=
github.com/Azure/azure-sdk-for-go/sdk/resourcemanager/databricks/armdatabricks v1.1.0 h1:rQyNHB/4ntzvm5F9WAiaAl7jWII+jaI4rL6sSWxTNeM=
github.com/Azure/azure-sdk-for-go/sdk/resourcemanager/databricks/armdatabricks v1.1.0/go.mod h1:4jtknLqzaPtwIz8Y9NBp2rXxeA7BbSICWBD0FDzG2VM=
github.com/Azure/azure-sdk-for-go/sdk/resourcemanager/datafactory/armdatafactory v1.3.0 h1:pmKRJksZidUYbOMQ2wtVm4L9q0BadVfBsF/fPKUUnjg=
github.com/Azure/azure-sdk-for-go/sdk/resourcemanager/datafactory/armdatafactory v1.3.0/go.mod h1:CmZkcUHLqzY7I+io4fQda7G1ZJ/4R0b3/iPFzEWWl7E=
github.com/Azure/azure-sdk-for-go/sdk/resourcemanager/datalake-store/armdatalakestore v1.2.0 h1:CMO1Xs20Aw7vGSH7HiEha9zyL42bFL+tgdxvLyemADc=
github.com/Azure/azure-sdk-for-go/sdk/resourcemanager/datalake-store/armdatalakestore v1.2.0/go.mod h1:JJyGtdbdaun52jHXLXXs8TvuecIUuNAWMWGcNDDb9ac=
github.com/Azure/azure-sdk-for-go/sdk/resourcemanager/dns/armdns v1.2.0 h1:lpOxwrQ919lCZoNCd69rVt8u1eLZuMORrGXqy8sNf3c=
github.com/Azure/azure-sdk-for-go/sdk/resourcemanager/dns/armdns v1.2.0/go.mod h1:fSvRkb8d26z9dbL40Uf/OO6Vo9iExtZK3D0ulRV+8M0=
github.com/Azure/azure-sdk-for-go/sdk/resourcemanager/eventgrid/armeventgrid v1.0.0 h1:w6b0+FygDpqM7g5cjbeyPoBzgxVHwwt2vCUvTz1oFY8=
github.com/Azure/azure-sdk-for-go/sdk/resourcemanager/eventgrid/armeventgrid v1.0.0/go.mod h1:t8kRpcgm+RdImuJgHG6SfoQ0tpb9LGl7MF1E6u0yeeA=
github.com/Azure/azure-sdk-for-go/sdk/resourcemanager/eventhub/armeventhub v1.3.0 h1:4hGvxD72TluuFIXVr8f4XkKZfqAa7Pj61t0jmQ7+kes=
github.com/Azure/azure-sdk-for-go/sdk/resourcemanager/eventhub/armeventhub v1.3.0/go.mod h1:TSH7DcFItwAufy0Lz+Ft2cyopExCpxbOxI5SkH4dRNo=
github.com/Azure/azure-sdk-for-go/sdk/resourcemanager/hdinsight/armhdinsight v1.2.0 h1:jyICffWo5qt7iFHCMEOtt5HfByBcQGAxp3WLz56nbxc=
github.com/Azure/azure-sdk-for-go/sdk/resourcemanager/hdinsight/armhdinsight v1.2.0/go.mod h1:skx0SS3je4jPa5KT5Ckf3tmmwWzMZ46nl1l6xTdxOGE=
github.com/Azure/azure-sdk-for-go/sdk/resourcemanager/hybridcompute/armhybridcompute v1.2.0 h1:7UuAn4ljE+H3GQ7qts3c7oAaMRvge68EgyckoNP/1Ro=
github.com/Azure/azure-sdk-for-go/sdk/resourcemanager/hybridcompute/armhybridcompute v1.2.0/go.mod h1:F2eDq/BGK2LOEoDtoHbBOphaPqcjT0K/Y5Am8vf7+0w=
github.com/Azure/azure-sdk-for-go/sdk/resourcemanager/internal v1.1.2 h1:mLY+pNLjCUeKhgnAJWAKhEUQM+RJQo2H1fuGSw1Ky1E=
github.com/Azure/azure-sdk-for-go/sdk/resourcemanager/internal v1.1.2/go.mod h1:FbdwsQ2EzwvXxOPcMFYO8ogEc9uMMIj3YkmCdXdAFmk=
github.com/Azure/azure-sdk-for-go/sdk/resourcemanager/internal/v2 v2.0.0 h1:PTFGRSlMKCQelWwxUyYVEUqseBJVemLyqWJjvMyt0do=
github.com/Azure/azure-sdk-for-go/sdk/resourcemanager/internal/v2 v2.0.0/go.mod h1:LRr2FzBTQlONPPa5HREE5+RjSCTXl7BwOvYOaWTqCaI=
github.com/Azure/azure-sdk-for-go/sdk/resourcemanager/internal/v3 v3.1.0 h1:2qsIIvxVT+uE6yrNldntJKlLRgxGbZ85kgtz5SNBhMw=
github.com/Azure/azure-sdk-for-go/sdk/resourcemanager/internal/v3 v3.1.0/go.mod h1:AW8VEadnhw9xox+VaVd9sP7NjzOAnaZBLRH6Tq3cJ38=
github.com/Azure/azure-sdk-for-go/sdk/resourcemanager/iothub/armiothub v1.3.0 h1:NZP+oPbAVFy7PhQ4PTD3SuGWbEziNhp7lphGkkN707s=
github.com/Azure/azure-sdk-for-go/sdk/resourcemanager/iothub/armiothub v1.3.0/go.mod h1:djbLk3ngutFfQ9fSOM29UzywAkcBI1YUsuUnxTQGsqU=
github.com/Azure/azure-sdk-for-go/sdk/resourcemanager/keyvault/armkeyvault v1.5.0 h1:nnQ9vXH039UrEFxi08pPuZBE7VfqSJt343uJLw0rhWI=
github.com/Azure/azure-sdk-for-go/sdk/resourcemanager/keyvault/armkeyvault v1.5.0/go.mod h1:4YIVtzMFVsPwBvitCDX7J9sqthSj43QD1sP6fYc1egc=
github.com/Azure/azure-sdk-for-go/sdk/resourcemanager/kusto/armkusto v1.3.1 h1:ik0pyYcwUqdiPPXOioZfKL62SVu7iN5eh5zxHEbV3VE=
github.com/Azure/azure-sdk-for-go/sdk/resourcemanager/kusto/armkusto v1.3.1/go.mod h1:st4TFPle8b16a2B9MEN+ofQT6iJjWBPAD9F5rfMQtZg=
github.com/Azure/azure-sdk-for-go/sdk/resourcemanager/logic/armlogic v1.2.0 h1:EMNgS+pCj2/2LL7+nWG8zPf9sp4u8icP5FNwoBhyc8M=
github.com/Azure/azure-sdk-for-go/sdk/resourcemanager/logic/armlogic v1.2.0/go.mod h1:TsM36SmGxYC24DiOTR9wPuBj5HYphihMC6xlnX536bE=
github.com/Azure/azure-sdk-for-go/sdk/resourcemanager/machinelearning/armmachinelearning/v4 v4.0.0 h1:H5ykGRBhX8CJKpB2tiRVut1DPbH7BnYKQ+orFTD7+JY=
github.com/Azure/azure-sdk-for-go/sdk/resourcemanager/machinelearning/armmachinelearning/v4 v4.0.0/go.mod h1:nivJvZio5SHpEASAk8LKIueqs7zEHU+iRLKWbx3Xi10=
github.com/Azure/azure-sdk-for-go/sdk/resourcemanager/managementgroups/armmanagementgroups v1.0.0 h1:pPvTJ1dY0sA35JOeFq6TsY2xj6Z85Yo23Pj4wCCvu4o=
github.com/Azure/azure-sdk-for-go/sdk/resourcemanager/managementgroups/armmanagementgroups v1.0.0/go.mod h1:mLfWfj8v3jfWKsL9G4eoBoXVcsqcIUTapmdKy7uGOp0=
github.com/Azure/azure-sdk-for-go/sdk/resourcemanager/mariadb/armmariadb v1.2.0 h1:seh4IsOzJkO3AxKPSHWmBKbTtO/4kiSDPa7spQmMxDY=
github.com/Azure/azure-sdk-for-go/sdk/resourcemanager/mariadb/armmariadb v1.2.0/go.mod h1:DjMBNXv1qSHIv81Mj/MeAru4hk5WhOW4YZ40c+zo+Us=
github.com/Azure/azure-sdk-for-go/sdk/resourcemanager/mysql/armmysql v1.2.0 h1:dhywcZH9yPDIje9aTqwy6psZSPzI6CJLYEprDahIBSQ=
github.com/Azure/azure-sdk-for-go/sdk/resourcemanager/mysql/armmysql v1.2.0/go.mod h1:6z3b+JdBLH0eMzfBex/cvEIoEFVEwXuB0wbgdfN11iM=
github.com/Azure/azure-sdk-for-go/sdk/resourcemanager/mysql/armmysqlflexibleservers v1.2.0 h1:3jDMffAwnvs6qmOqhjNVHB29AKxs6brnzJeo65E1YwM=
github.com/Azure/azure-sdk-for-go/sdk/resourcemanager/mysql/armmysqlflexibleservers v1.2.0/go.mod h1:0mKVz3WT8oNjBunT1zD/HPwMleQ72QClMa7Gmsm+6Kc=
github.com/Azure/azure-sdk-for-go/sdk/resourcemanager/network/armnetwork/v6 v6.2.0 h1:HYGD75g0bQ3VO/Omedm54v4LrD3B1cGImuRF3AJ5wLo=
github.com/Azure/azure-sdk-for-go/sdk/resourcemanager/network/armnetwork/v6 v6.2.0/go.mod h1:ulHyBFJOI0ONiRL4vcJTmS7rx18jQQlEPmAgo80cRdM=
github.com/Azure/azure-sdk-for-go/sdk/resourcemanager/operationalinsights/armoperationalinsights v1.2.0 h1:4FlNvfcPu7tTvOgOzXxIbZLvwvmZq1OdhQUdIa9g2N4=
github.com/Azure/azure-sdk-for-go/sdk/resourcemanager/operationalinsights/armoperationalinsights v1.2.0/go.mod h1:A4nzEXwVd5pAyneR6KOvUAo72svUc5rmCzRHhAbP6lA=
github.com/Azure/azure-sdk-for-go/sdk/resourcemanager/postgresql/armpostgresql v1.2.0 h1:0hXKrsbh2M6CQyW0TDC9Bsyd99vQmrOxiBTUfQHZjPA=
github.com/Azure/azure-sdk-for-go/sdk/resourcemanager/postgresql/armpostgresql v1.2.0/go.mod h1:bvZZor36Jg9q9kouuMyfJ+ay77+qK+YUfThXH1FdXjU=
github.com/Azure/azure-sdk-for-go/sdk/resourcemanager/postgresql/armpostgresqlflexibleservers v1.1.0 h1:HzqcSJWx32XQdr8KtxAu/SZJj0PqDo9tKf2YGPdynV0=
github.com/Azure/azure-sdk-for-go/sdk/resourcemanager/postgresql/armpostgresqlflexibleservers v1.1.0/go.mod h1:nKcJObAisSPDrO9lMuuCBoYY7Ki7ADt8p6XmBhpKNTk=
github.com/Azure/azure-sdk-for-go/sdk/resourcemanager/privatedns/armprivatedns v1.3.0 h1:yzrctSl9GMIQ5lHu7jc8olOsGjWDCsBpJhWqfGa/YIM=
github.com/Azure/azure-sdk-for-go/sdk/resourcemanager/privatedns/armprivatedns v1.3.0/go.mod h1:GE4m0rnnfwLGX0Y9A9A25Zx5N/90jneT5ABevqzhuFQ=
github.com/Azure/azure-sdk-for-go/sdk/resourcemanager/recoveryservices/armrecoveryservices v1.6.0 h1:tyFbORs8iNJGoD4DCRTweqLRCS8PiWqyoj8TqLFZZfo=
github.com/Azure/azure-sdk-for-go/sdk/resourcemanager/recoveryservices/armrecoveryservices v1.6.0/go.mod h1:D01KTLlDky2hIhRbX5NjyDb84O6jflookw6b+Gd5h/U=
github.com/Azure/azure-sdk-for-go/sdk/resourcemanager/redis/armredis v1.0.0 h1:nmpTBgRg1HynngFYICRhceC7s5dmbKN9fJ/XQz/UQ2I=
github.com/Azure/azure-sdk-for-go/sdk/resourcemanager/redis/armredis v1.0.0/go.mod h1:3yjiOtnkVociBTlF7UZrwAGfJrGaOCsvtVS4HzNajxQ=
github.com/Azure/azure-sdk-for-go/sdk/resourcemanager/resources/armresources v1.2.0 h1:Dd+RhdJn0OTtVGaeDLZpcumkIVCtA/3/Fo42+eoYvVM=
github.com/Azure/azure-sdk-for-go/sdk/resourcemanager/resources/armresources v1.2.0/go.mod h1:5kakwfW5CjC9KK+Q4wjXAg+ShuIm2mBMua0ZFj2C8PE=
github.com/Azure/azure-sdk-for-go/sdk/resourcemanager/search/armsearch v1.4.0 h1:zBdabY8pMSMLPb1XJnFSEdJi9Bd0h+VMjh1uU8B6Yp8=
github.com/Azure/azure-sdk-for-go/sdk/resourcemanager/search/armsearch v1.4.0/go.mod h1:Y2Q3nB3UfSnG9nALOpPAjflXPM3jL/n2ZmYIu2Occ9g=
github.com/Azure/azure-sdk-for-go/sdk/resourcemanager/servicebus/armservicebus v1.2.0 h1:jngSeKBnzC7qIk3rvbWHsLI7eeasEucORHWr2CHX0Yg=
github.com/Azure/azure-sdk-for-go/sdk/resourcemanager/servicebus/armservicebus v1.2.0/go.mod h1:1YXAxWw6baox+KafeQU2scy21/4IHvqXoIJuCpcvpMQ=
github.com/Azure/azure-sdk-for-go/sdk/resourcemanager/signalr/armsignalr v1.2.0 h1:Y8CF7FyuVVDyX5W6Azwjj3PpwUZVbXBOCyQytv/0QEA=
github.com/Azure/azure-sdk-for-go/sdk/resourcemanager/signalr/armsignalr v1.2.0/go.mod h1:tzUx/enAY8RSmQhRq02uVZFeRJxdGYT6BqXwHiHoOcU=
github.com/Azure/azure-sdk-for-go/sdk/resourcemanager/sql/armsql v1.2.0 h1:S087deZ0kP1RUg4pU7w9U9xpUedTCbOtz+mnd0+hrkQ=
github.com/Azure/azure-sdk-for-go/sdk/resourcemanager/sql/armsql v1.2.0/go.mod h1:B4cEyXrWBmbfMDAPnpJ1di7MAt5DKP57jPEObAvZChg=
github.com/Azure/azure-sdk-for-go/sdk/resourcemanager/storage/armstorage v1.8.1 h1:/Zt+cDPnpC3OVDm/JKLOs7M2DKmLRIIp3XIx9pHHiig=
github.com/Azure/azure-sdk-for-go/sdk/resourcemanager/storage/armstorage v1.8.1/go.mod h1:Ng3urmn6dYe8gnbCMoHHVl5APYz2txho3koEkV2o2HA=
github.com/Azure/azure-sdk-for-go/sdk/resourcemanager/streamanalytics/armstreamanalytics v1.2.0 h1:8ehl8bxzEJYOaYZkND13b0j+wuTrkkYo3n4jztCMTuc=
github.com/Azure/azure-sdk-for-go/sdk/resourcemanager/streamanalytics/armstreamanalytics v1.2.0/go.mod h1:yJZJkwBRvEBFS8xdvkbq+p1xTXv8JsnDat+k1Ldrubc=
github.com/Azure/azure-sdk-for-go/sdk/resourcemanager/subscription/armsubscription v1.2.0 h1:UrGzkHueDwAWDdjQxC+QaXHd4tVCkISYE9j7fSSXF8k=
github.com/Azure/azure-sdk-for-go/sdk/resourcemanager/subscription/armsubscription v1.2.0/go.mod h1:qskvSQeW+cxEE2bcKYyKimB1/KiQ9xpJ99bcHY0BX6c=
github.com/Azure/azure-sdk-for-go/sdk/resourcemanager/synapse/armsynapse v0.8.0 h1:IKCilT2DdxjeCXhiCIZb5hywpA1KDGKwpdA1WL20wT0=
github.com/Azure/azure-sdk-for-go/sdk/resourcemanager/synapse/armsynapse v0.8.0/go.mod h1:IzuvA34YNVnlifc1+KhCouAKEf1VYzV439FOpyfTHzA=
github.com/AzureAD/microsoft-authentication-extensions-for-go/cache v0.1.1 h1:WJTmL004Abzc5wDB5VtZG2PJk5ndYDgVacGqfirKxjM=
github.com/AzureAD/microsoft-authentication-extensions-for-go/cache v0.1.1/go.mod h1:tCcJZ0uHAmvjsVYzEFivsRTN00oz5BEsRgQHu5JZ9WE=
github.com/AzureAD/microsoft-authentication-library-for-go v1.6.0 h1:XRzhVemXdgvJqCH0sFfrBUTnUJSBrBf7++ypk+twtRs=
github.com/AzureAD/microsoft-authentication-library-for-go v1.6.0/go.mod h1:HKpQxkWaGLJ+D/5H8QRpyQXA1eKjxkFlOMwck5+33Jk=
github.com/GoogleCloudPlatform/opentelemetry-operations-go/detectors/gcp v1.30.0 h1:sBEjpZlNHzK1voKq9695PJSX2o5NEXl7/OL3coiIY0c=
github.com/GoogleCloudPlatform/opentelemetry-operations-go/detectors/gcp v1.30.0/go.mod h1:P4WPRUkOhJC13W//jWpyfJNDAIpvRbAUIYLX/4jtlE0=
github.com/GoogleCloudPlatform/opentelemetry-operations-go/exporter/metric v0.55.0 h1:UnDZ/zFfG1JhH/DqxIZYU/1CUAlTUScoXD/LcM2Ykk8=
github.com/GoogleCloudPlatform/opentelemetry-operations-go/exporter/metric v0.55.0/go.mod h1:IA1C1U7jO/ENqm/vhi7V9YYpBsp+IMyqNrEN94N7tVc=
github.com/GoogleCloudPlatform/opentelemetry-operations-go/internal/cloudmock v0.55.0 h1:7t/qx5Ost0s0wbA/VDrByOooURhp+ikYwv20i9Y07TQ=
github.com/GoogleCloudPlatform/opentelemetry-operations-go/internal/cloudmock v0.55.0/go.mod h1:vB2GH9GAYYJTO3mEn8oYwzEdhlayZIdQz6zdzgUIRvA=
github.com/GoogleCloudPlatform/opentelemetry-operations-go/internal/resourcemapping v0.55.0 h1:0s6TxfCu2KHkkZPnBfsQ2y5qia0jl3MMrmBhu3nCOYk=
github.com/GoogleCloudPlatform/opentelemetry-operations-go/internal/resourcemapping v0.55.0/go.mod h1:Mf6O40IAyB9zR/1J8nGDDPirZQQPbYJni8Yisy7NTMc=
github.com/aws/aws-sdk-go-v2 v1.41.4 h1:10f50G7WyU02T56ox1wWXq+zTX9I1zxG46HYuG1hH/k=
github.com/aws/aws-sdk-go-v2 v1.41.4/go.mod h1:mwsPRE8ceUUpiTgF7QmQIJ7lgsKUPQOUl3o72QBrE1o=
github.com/aws/aws-sdk-go-v2/aws/protocol/eventstream v1.7.7 h1:3kGOqnh1pPeddVa/E37XNTaWJ8W6vrbYV9lJEkCnhuY=
github.com/aws/aws-sdk-go-v2/aws/protocol/eventstream v1.7.7/go.mod h1:lyw7GFp3qENLh7kwzf7iMzAxDn+NzjXEAGjKS2UOKqI=
github.com/aws/aws-sdk-go-v2/config v1.32.12 h1:O3csC7HUGn2895eNrLytOJQdoL2xyJy0iYXhoZ1OmP0=
github.com/aws/aws-sdk-go-v2/config v1.32.12/go.mod h1:96zTvoOFR4FURjI+/5wY1vc1ABceROO4lWgWJuxgy0g=
github.com/aws/aws-sdk-go-v2/credentials v1.19.12 h1:oqtA6v+y5fZg//tcTWahyN9PEn5eDU/Wpvc2+kJ4aY8=
github.com/aws/aws-sdk-go-v2/credentials v1.19.12/go.mod h1:U3R1RtSHx6NB0DvEQFGyf/0sbrpJrluENHdPy1j/3TE=
github.com/aws/aws-sdk-go-v2/feature/ec2/imds v1.18.20 h1:zOgq3uezl5nznfoK3ODuqbhVg1JzAGDUhXOsU0IDCAo=
github.com/aws/aws-sdk-go-v2/feature/ec2/imds v1.18.20/go.mod h1:z/MVwUARehy6GAg/yQ1GO2IMl0k++cu1ohP9zo887wE=
github.com/aws/aws-sdk-go-v2/internal/configsources v1.4.20 h1:CNXO7mvgThFGqOFgbNAP2nol2qAWBOGfqR/7tQlvLmc=
github.com/aws/aws-sdk-go-v2/internal/configsources v1.4.20/go.mod h1:oydPDJKcfMhgfcgBUZaG+toBbwy8yPWubJXBVERtI4o=
github.com/aws/aws-sdk-go-v2/internal/endpoints/v2 v2.7.20 h1:tN6W/hg+pkM+tf9XDkWUbDEjGLb+raoBMFsTodcoYKw=
github.com/aws/aws-sdk-go-v2/internal/endpoints/v2 v2.7.20/go.mod h1:YJ898MhD067hSHA6xYCx5ts/jEd8BSOLtQDL3iZsvbc=
github.com/aws/aws-sdk-go-v2/internal/ini v1.8.6 h1:qYQ4pzQ2Oz6WpQ8T3HvGHnZydA72MnLuFK9tJwmrbHw=
github.com/aws/aws-sdk-go-v2/internal/ini v1.8.6/go.mod h1:O3h0IK87yXci+kg6flUKzJnWeziQUKciKrLjcatSNcY=
github.com/aws/aws-sdk-go-v2/internal/v4a v1.4.21 h1:SwGMTMLIlvDNyhMteQ6r8IJSBPlRdXX5d4idhIGbkXA=
github.com/aws/aws-sdk-go-v2/internal/v4a v1.4.21/go.mod h1:UUxgWxofmOdAMuqEsSppbDtGKLfR04HGsD0HXzvhI1k=
github.com/aws/aws-sdk-go-v2/service/acm v1.37.22 h1:gc1fzEkQZXff6e6rF6BpsHqYEhBtpL5ckBdiSXzWySk=
github.com/aws/aws-sdk-go-v2/service/acm v1.37.22/go.mod h1:YUf/0QA0wySPQ3TJC5cHWHLwWw9nV3EXgTPkzcjnoq0=
github.com/aws/aws-sdk-go-v2/service/apigateway v1.39.0 h1:FQ0FLNsNkhwHcpv6rkAZaR+Royay19A+M88mtOOSg7w=
github.com/aws/aws-sdk-go-v2/service/apigateway v1.39.0/go.mod h1:xnkbxhrdrHvrz8qrNVvMAlARU/6suQoKtIjlaciWr3I=
github.com/aws/aws-sdk-go-v2/service/apigatewayv2 v1.33.8 h1:I0AMtyv5tqQ/VNDDalbbujALCWl64TP3F61bBw4U8Qs=
github.com/aws/aws-sdk-go-v2/service/apigatewayv2 v1.33.8/go.mod h1:qnrKR+Jzg9NbZqy+YusE7frSZUaYQ7EPJvki4+SwS3U=
github.com/aws/aws-sdk-go-v2/service/appsync v1.53.4 h1:1QJO5y7nB7YNidwgUSEIXf4WgchD8DQSlQ8zNSi7WN0=
github.com/aws/aws-sdk-go-v2/service/appsync v1.53.4/go.mod h1:Oz2xOV2phzKkePQEs7CRZsLQVxuIniPX/VDTvxbYUUQ=
github.com/aws/aws-sdk-go-v2/service/athena v1.57.3 h1:kRbTPbH/Arm04qLdCIljn8A4agr9qqqydwVLvbQEISU=
github.com/aws/aws-sdk-go-v2/service/athena v1.57.3/go.mod h1:cQnYO9ateobIv2HoMdb7nkwm0U/gZEs/PJ4RZiz9O34=
github.com/aws/aws-sdk-go-v2/service/autoscaling v1.64.3 h1:YBBu7ZhnMkHjBCFVa50NO+AQo1I/8SK8yFIXxQSR/Do=
github.com/aws/aws-sdk-go-v2/service/autoscaling v1.64.3/go.mod h1:wRRzL5slhAzg/F8SwmTgIl3XXFB4V+X1t5qmuJf+O6k=
github.com/aws/aws-sdk-go-v2/service/backup v1.54.9 h1:4ljBhnCcrhtpt/0dK3NOHzP4DnrdQx/yo0fQfoWzGZE=
github.com/aws/aws-sdk-go-v2/service/backup v1.54.9/go.mod h1:WTHh7IUlJVDA2JFm4ERgQ1hQ6QXtiHVFcyjvBj+57V0=
github.com/aws/aws-sdk-go-v2/service/bedrock v1.57.0 h1:DCONGOKen9tTc35KrPbMGEr9KjIMY0eYLkFdeYSzW4c=
github.com/aws/aws-sdk-go-v2/service/bedrock v1.57.0/go.mod h1:C/1NPMi8p0/I4HKgDqXYl7WdcQvWrKBq5PqwGQjMz8U=
github.com/aws/aws-sdk-go-v2/service/cloudformation v1.71.8 h1:HUrv48rEM3iPu1o58cUoPFNKiENQgbt6JRqyHP9RylE=
github.com/aws/aws-sdk-go-v2/service/cloudformation v1.71.8/go.mod h1:cFUls2LH2i5ixoLk+uEvbLQ0bb0+UhKJysHAlFEmr28=
github.com/aws/aws-sdk-go-v2/service/cloudfront v1.60.3 h1:RB1bsGTqfbLymRdVDqHoomyZ6XfPcXtBP041qHLtlv4=
github.com/aws/aws-sdk-go-v2/service/cloudfront v1.60.3/go.mod h1:hF/cipBvnkoCnN0v+lw1ZnKTj6LyDfSX7yZW2d9buJQ=
github.com/aws/aws-sdk-go-v2/service/cloudtrail v1.55.8 h1:m8K+38xc7Hns3qR1uyMLOwZ//CGuTzo4oOh6Alxrzc0=
github.com/aws/aws-sdk-go-v2/service/cloudtrail v1.55.8/go.mod h1:y9nuC8lIFApxiHJUjvcsoayNivWaBGb23uxhna+OXhs=
github.com/aws/aws-sdk-go-v2/service/codebuild v1.68.12 h1:lQTVEv/YAk8Rw1Yf4XZS/jNNxF9klCN10WcSR3xlMtU=
github.com/aws/aws-sdk-go-v2/service/codebuild v1.68.12/go.mod h1:yoa0R6Xku788EmJYkFiARzJBxt4A3hgFjQPRmMAttr0=
github.com/aws/aws-sdk-go-v2/service/codecommit v1.33.11 h1:R3S5odXTsflG7xUp9S2AsewSXtQi1LBd+stJ5OpCIog=
github.com/aws/aws-sdk-go-v2/service/codecommit v1.33.11/go.mod h1:OekzWXyZi3ptl+YoKmm+G5ODIa4BDEArvZv8gHrQb5s=
github.com/aws/aws-sdk-go-v2/service/codedeploy v1.35.12 h1:yAEAfT8rwhLJcJoLGxEPWV+P4HHtflZDEvR03cuRog0=
github.com/aws/aws-sdk-go-v2/service/codedeploy v1.35.12/go.mod h1:L8yXZxhz3JpaxBIw7Gpl1ggnZ5CpW1MSN7ZPXoxVfLk=
github.com/aws/aws-sdk-go-v2/service/codepipeline v1.46.20 h1:ENAtcBxGU87FDPlURimCGp1ZuDtSOzBi0eSXLwXs0lM=
github.com/aws/aws-sdk-go-v2/service/codepipeline v1.46.20/go.mod h1:bZFgMPkFXBV9ISrN07+2KFvgN4sbB7kXXJ3qHSfu3ZA=
github.com/aws/aws-sdk-go-v2/service/cognitoidentity v1.33.21 h1:wmrtur9xeyeOH4kCjEli8jHrFEClQe2Rx4y8Db5hl5s=
github.com/aws/aws-sdk-go-v2/service/cognitoidentity v1.33.21/go.mod h1:C6jqGR0ygJGfIDFwywTcCXkos5Dd+SMe8N35RGNlU5U=
github.com/aws/aws-sdk-go-v2/service/cognitoidentityprovider v1.59.2 h1:I1oExVl2b6nJGv//TcU78k9Covm/htQ5gwPIcDlM2PI=
github.com/aws/aws-sdk-go-v2/service/cognitoidentityprovider v1.59.2/go.mod h1:sxvHFUS0fM9Y3BpmDvwrO9fnQC0CrFSG8KD9THjv6k4=
github.com/aws/aws-sdk-go-v2/service/databasemigrationservice v1.61.9 h1:TdwG480ZMSzDfwwo9annrKWWmXQVGtbETIeH8sAFmhA=
github.com/aws/aws-sdk-go-v2/service/databasemigrationservice v1.61.9/go.mod h1:I/976DEXr3xM+PaU82K6qvodjpNaQUclg9kio5L7YJ0=
github.com/aws/aws-sdk-go-v2/service/dax v1.29.15 h1:N6FOHQBUE9Q4abNr8iSGvr7EAfOKGPFe3wfefe1HE7Y=
github.com/aws/aws-sdk-go-v2/service/dax v1.29.15/go.mod h1:oQWcG5/eLbm6Ir3rNt/NL2wl0+eQJx1f2GVTmoOyJR0=
github.com/aws/aws-sdk-go-v2/service/docdb v1.48.12 h1:OFKK/k8nTpRr6LDzLUwHlpXImFhcDNRxuk6PeYar97k=
github.com/aws/aws-sdk-go-v2/service/docdb v1.48.12/go.mod h1:2W6TgFzcJxTzA4xfilWG1DDwmmdrdEdlYkrxgkqjSXc=
github.com/aws/aws-sdk-go-v2/service/dynamodb v1.56.2 h1:xi/ECwajy2mixviBD7bKAlGGSwzEaFKX2wIhrZt9NGw=
github.com/aws/aws-sdk-go-v2/service/dynamodb v1.56.2/go.mod h1:dLREOeW66eVaaGIOi2ZlLHDgkR3nuJ02rd00j0YSlBE=
github.com/aws/aws-sdk-go-v2/service/ec2 v1.296.0 h1:98Miqj16un1WLNyM1RjVDhXYumhqZrQfAeG8i4jPG6o=
github.com/aws/aws-sdk-go-v2/service/ec2 v1.296.0/go.mod h1:T6ndRfdhnXLIY5oKBHjYZDVj706los2zGdpThppquvA=
github.com/aws/aws-sdk-go-v2/service/ecr v1.56.1 h1:aVrtUrtZN2aGNuI+Pt1XR9ofsochGVepv40nEl4D1dQ=
github.com/aws/aws-sdk-go-v2/service/ecr v1.56.1/go.mod h1:j2lU1Ko0NlsZRXXQ8rSs561bhAC+HN2ob+UREFuSfIA=
github.com/aws/aws-sdk-go-v2/service/ecs v1.74.0 h1:YS5TXaEvzDb+sV+wdQFUtuCAk0GeFR9Ai6HFdxpz6q8=
github.com/aws/aws-sdk-go-v2/service/ecs v1.74.0/go.mod h1:10kBgdaNJz0FO/+JWDUH+0rtSjkn5yafgavDDmmhFzs=
github.com/aws/aws-sdk-go-v2/service/efs v1.41.13 h1:C11r13KfnzxlLuILWOjBNdSJDRsJ2HDqc8kTNGc6VcM=
github.com/aws/aws-sdk-go-v2/service/efs v1.41.13/go.mod h1:YP65UYTCBf/NQKrZH+jfX/EHD5zFWLwioLpNoioIscU=
github.com/aws/aws-sdk-go-v2/service/eks v1.81.1 h1:wMMZ6vc0xljHGxZB4Hz3kVX9wSLTUau8RiaZAZtszCA=
github.com/aws/aws-sdk-go-v2/service/eks v1.81.1/go.mod h1:F8fvMS/6YtJPi40rwXWnuWPn6SYIGXPmLY5k87S3Td4=
github.com/aws/aws-sdk-go-v2/service/elasticache v1.51.12 h1:S066ajzfPRCSW4lsSHOYglne6SNi2CHt1u5omzW1RBg=
github.com/aws/aws-sdk-go-v2/service/elasticache v1.51.12/go.mod h1:86SE4NcXxbxr8KTG3yOyDmd4HyiFmKl8TexXnhYJ+Bw=
github.com/aws/aws-sdk-go-v2/service/elasticbeanstalk v1.34.1 h1:LwmPfbJhXoO033rLs2aaCRc3E/YK0qdmlN9QHDS5qww=
github.com/aws/aws-sdk-go-v2/service/elasticbeanstalk v1.34.1/go.mod h1:uTVBC0qaOxdMsO8kWhEj1ImHkSSGhZd6qsHX+sRZXMc=
github.com/aws/aws-sdk-go-v2/service/elasticloadbalancing v1.33.22 h1:YyV5ec8Hl6zezAzEQdetqYORGXHtNexaHWLw4TDfuBw=
github.com/aws/aws-sdk-go-v2/service/elasticloadbalancing v1.33.22/go.mod h1:480LHdOg5a74xgOBvXwI/yQuaK7SCHUVuujGyOkCw3c=
github.com/aws/aws-sdk-go-v2/service/elasticloadbalancingv2 v1.54.9 h1:F7t1rvo++Bv9mTsFbd/0gThSx8vZqdHmIAURQ4dc8Jc=
github.com/aws/aws-sdk-go-v2/service/elasticloadbalancingv2 v1.54.9/go.mod h1:1ethHYerpOsRYxSkV8mFNNDmDWPqCdLcrUmdd7aUYN4=
github.com/aws/aws-sdk-go-v2/service/elasticsearchservice v1.39.1 h1:tU0rtRt2Ap1FkMP7KffVNN1ZnI2x8CAfDJac/lGYG6k=
github.com/aws/aws-sdk-go-v2/service/elasticsearchservice v1.39.1/go.mod h1:JNnrlxQHM/xBd6uy+h9NcrekiIYvvMvga0l6d9K3mOM=
github.com/aws/aws-sdk-go-v2/service/emr v1.58.0 h1:PVhnyvqAuV0Y9BdfeU9EjhMG7SEYPYra6BfdLC9BhFw=
github.com/aws/aws-sdk-go-v2/service/emr v1.58.0/go.mod h1:FIgUc12CYjE0fe7kib/84J9Irl+sp8Yc/pYEgwPFmJ4=
github.com/aws/aws-sdk-go-v2/service/firehose v1.42.12 h1:xCy3mmRk/6vroPfcLZhLzd1xBmuyJp0TYPjoqUZt1Tk=
github.com/aws/aws-sdk-go-v2/service/firehose v1.42.12/go.mod h1:inDbswgmpR+gccdnUIO6WBvf1huM9aCUTZwMQ/dSc2I=
github.com/aws/aws-sdk-go-v2/service/fsx v1.65.6 h1:THN3vfrP/IOszqWFWCnN3xGCTy78PFho/91S9uBjEBk=
github.com/aws/aws-sdk-go-v2/service/fsx v1.65.6/go.mod h1:77GGONJNJlYDw6jipKR2vCwbeTb6JFtkzZRULLFHE40=
github.com/aws/aws-sdk-go-v2/service/glacier v1.32.5 h1:buNdVjBTr+GJah0DH/9/UqksPlighsC58Euydc4Azf4=
github.com/aws/aws-sdk-go-v2/service/glacier v1.32.5/go.mod h1:0/TJQe68U00WYgoJymnyr0Nx8/txePlfZqjS/4ovFo8=
github.com/aws/aws-sdk-go-v2/service/globalaccelerator v1.35.14 h1:4x5La2Q5H8MDMjXIqJsUNd8MEeIEzheUwBcHbm9aV84=
github.com/aws/aws-sdk-go-v2/service/globalaccelerator v1.35.14/go.mod h1:aAS2m5DpOtkiblEYWiYyb84JPXmQNYYDid14pSNjkJc=
github.com/aws/aws-sdk-go-v2/service/glue v1.139.0 h1:yO8PcdOhX62FYXAGb6oULH8LGV8THi1bQg8/zJZQEG4=
github.com/aws/aws-sdk-go-v2/service/glue v1.139.0/go.mod h1:qxiAi9p9Vv/LsD7F8p+XnyaFCPHy/F77igUM1iT3abU=
github.com/aws/aws-sdk-go-v2/service/guardduty v1.74.1 h1:Xt2F9FXh3o1bdRAqUEXwkydLBk4ZE/gYQzk2mP3wT9U=
github.com/aws/aws-sdk-go-v2/service/guardduty v1.74.1/go.mod h1:pcO38H3O976Aad0zkHeZS/fGqi551v43H5vj0kXYRuk=
github.com/aws/aws-sdk-go-v2/service/iam v1.53.6 h1:GPQvvxy8+FDnD9xKYzGKJMjIm5xkVM5pd3bFgRldNSo=
github.com/aws/aws-sdk-go-v2/service/iam v1.53.6/go.mod h1:RJNVc52A0K41fCDJOnsCLeWJf8mwa0q30fM3CfE9U18=
github.com/aws/aws-sdk-go-v2/service/internal/accept-encoding v1.13.7 h1:5EniKhLZe4xzL7a+fU3C2tfUN4nWIqlLesfrjkuPFTY=
github.com/aws/aws-sdk-go-v2/service/internal/accept-encoding v1.13.7/go.mod h1:x0nZssQ3qZSnIcePWLvcoFisRXJzcTVvYpAAdYX8+GI=
github.com/aws/aws-sdk-go-v2/service/internal/checksum v1.9.12 h1:qtJZ70afD3ISKWnoX3xB0J2otEqu3LqicRcDBqsj0hQ=
github.com/aws/aws-sdk-go-v2/service/internal/checksum v1.9.12/go.mod h1:v2pNpJbRNl4vEUWEh5ytQok0zACAKfdmKS51Hotc3pQ=
github.com/aws/aws-sdk-go-v2/service/internal/endpoint-discovery v1.11.20 h1:ru+seMuylHiNZlvgZei83eD8h37hRjm1XIMOEmcV0BU=
github.com/aws/aws-sdk-go-v2/service/internal/endpoint-discovery v1.11.20/go.mod h1:ihZMtPTKoX/ugQRHbui6zNdSgVYN1KY2Dgwb2d3hXlc=
github.com/aws/aws-sdk-go-v2/service/internal/presigned-url v1.13.20 h1:2HvVAIq+YqgGotK6EkMf+KIEqTISmTYh5zLpYyeTo1Y=
github.com/aws/aws-sdk-go-v2/service/internal/presigned-url v1.13.20/go.mod h1:V4X406Y666khGa8ghKmphma/7C0DAtEQYhkq9z4vpbk=
github.com/aws/aws-sdk-go-v2/service/internal/s3shared v1.19.20 h1:siU1A6xjUZ2N8zjTHSXFhB9L/2OY8Dqs0xXiLjF30jA=
github.com/aws/aws-sdk-go-v2/service/internal/s3shared v1.19.20/go.mod h1:4TLZCmVJDM3FOu5P5TJP0zOlu9zWgDWU7aUxWbr+rcw=
github.com/aws/aws-sdk-go-v2/service/kafka v1.49.1 h1:BgBatWcQIFqF1l6KGHjv66V0d/ISnWrTwxDx/Jf6EJM=
github.com/aws/aws-sdk-go-v2/service/kafka v1.49.1/go.mod h1:pMpys+PlrN//vj8j5s0oOAMJjauj81VkHzIZxPVWOro=
github.com/aws/aws-sdk-go-v2/service/kinesis v1.43.3 h1:EjAuQ4b2AIcQlhIjYcNsAa8vHyLA/2cirTQfvje1dts=
github.com/aws/aws-sdk-go-v2/service/kinesis v1.43.3/go.mod h1:woJGo0NqlqnyNDQJHE4dXNPm3WPZo0oSNe4QZLVHTu0=
github.com/aws/aws-sdk-go-v2/service/kms v1.50.3 h1:s/zDSG/a/Su9aX+v0Ld9cimUCdkr5FWPmBV8owaEbZY=
github.com/aws/aws-sdk-go-v2/service/kms v1.50.3/go.mod h1:/iSgiUor15ZuxFGQSTf3lA2FmKxFsQoc2tADOarQBSw=
github.com/aws/aws-sdk-go-v2/service/lambda v1.88.3 h1:VlSZQKfbHSjeKJaTpBfp3WVxPH7qa2SbneFtjT9vft8=
github.com/aws/aws-sdk-go-v2/service/lambda v1.88.3/go.mod h1:/C3/ZU9bR0pjMwIYivZVpdcj4HjvOfk+OTPiiXKoTSE=
github.com/aws/aws-sdk-go-v2/service/lightsail v1.50.14 h1:eVAXKM8ULqkkdA+Dok2pe0pczgrqpVqsSqOjeP+PxUw=
github.com/aws/aws-sdk-go-v2/service/lightsail v1.50.14/go.mod h1:YvX7hjUWecrKX8fBkbEncyddEW85xjNH+u5JHioITOw=
github.com/aws/aws-sdk-go-v2/service/memorydb v1.33.13 h1:09GT2ebneZH2MNpLJBGNE3v6BBJl/wazfveOn6j1nGQ=
github.com/aws/aws-sdk-go-v2/service/memorydb v1.33.13/go.mod h1:Ny5idoFzHmOBGFJ1wM8WTIkfP+lMlUybFHij+RSzhKQ=
github.com/aws/aws-sdk-go-v2/service/mq v1.34.18 h1:528jU1brefXq59Dxrx6LnC58zwMSyrFQxjQ8Vk/vw9g=
github.com/aws/aws-sdk-go-v2/service/mq v1.34.18/go.mod h1:nc6tLyyA3hBGeRXbzHAJFUKhkOcrVZTjr7ubvNfNTZE=
github.com/aws/aws-sdk-go-v2/service/neptune v1.44.2 h1:J/ecGv0YXAg1BHfONW0I5hLJQkUHqMUYMlWuSn4/ft0=
github.com/aws/aws-sdk-go-v2/service/neptune v1.44.2/go.mod h1:fRiaBN1K0Hgf2GNcfHR6L15pemQKMoQmKxmBqDYkSV4=
github.com/aws/aws-sdk-go-v2/service/networkfirewall v1.59.6 h1:++XPZP+nXaKtZ755Yt8sfqu6lzyyIOu66CaUKA7o8eE=
github.com/aws/aws-sdk-go-v2/service/networkfirewall v1.59.6/go.mod h1:geeH6hXRfXvEXn5tnVljRTl7PyDA3N6fadTnp4z5s8c=
github.com/aws/aws-sdk-go-v2/service/opensearch v1.60.1 h1:QAi6CqC2U03SIxyWmoXIvRvNzfQ6N+vZSzue2E24Scw=
github.com/aws/aws-sdk-go-v2/service/opensearch v1.60.1/go.mod h1:7XWoG2/GxmdXCmqEUL39kknKvPU3GKl79xsGiCXuZM4=
github.com/aws/aws-sdk-go-v2/service/rds v1.116.3 h1:H/ZYZ6QR4EXJAYElI5xkIM/yCz+A4uHIvWpzl+IfJks=
github.com/aws/aws-sdk-go-v2/service/rds v1.116.3/go.mod h1:QbXW4coAMakHQhf1qhE0eVVCen9gwB/Kvn+HHHKhpGY=
github.com/aws/aws-sdk-go-v2/service/redshift v1.62.4 h1:PpPM+T4ZyyTH52zda5GwrvSYlT7MEdPUGsMKKFGPQGQ=
github.com/aws/aws-sdk-go-v2/service/redshift v1.62.4/go.mod h1:S+gkldndNUWBi/skuLLc9SViyZwJBngk75c3rc0WKJ4=
github.com/aws/aws-sdk-go-v2/service/redshiftserverless v1.34.3 h1:jhqiX4+mvQceS0qmiAAXiwEE9vVGRIiFFQnsn6kIVoc=
github.com/aws/aws-sdk-go-v2/service/redshiftserverless v1.34.3/go.mod h1:9HJHKbexmlcOwNsq+BM7rFmL/BJASEXMupr/qspJDq4=
github.com/aws/aws-sdk-go-v2/service/route53 v1.62.4 h1:64aYPyHg3RjLvnMMSYQSg7aP+r1WRCPIS9SP9KfHjWg=
github.com/aws/aws-sdk-go-v2/service/route53 v1.62.4/go.mod h1:bPSPzWTn9LSX6e0KPp4LlPoaspouZdKAlIdSMdhBBrs=
github.com/aws/aws-sdk-go-v2/service/s3 v1.97.1 h1:csi9NLpFZXb9fxY7rS1xVzgPRGMt7MSNWeQ6eo247kE=
github.com/aws/aws-sdk-go-v2/service/s3 v1.97.1/go.mod h1:qXVal5H0ChqXP63t6jze5LmFalc7+ZE7wOdLtZ0LCP0=
github.com/aws/aws-sdk-go-v2/service/sagemaker v1.236.1 h1:IxE2S/0VBMpZfv8b6qA7LlOD3gCFuxjhLCTT9Nw6czQ=
github.com/aws/aws-sdk-go-v2/service/sagemaker v1.236.1/go.mod h1:isB1qPK5Nms0/Mseyx9sibaps51bu9nk01c6ltFGUoA=
github.com/aws/aws-sdk-go-v2/service/secretsmanager v1.41.4 h1:9aZbO86sraeCIHHCpZhxwN9tnVy9POkSKzi4/TpT54A=
github.com/aws/aws-sdk-go-v2/service/secretsmanager v1.41.4/go.mod h1:cxiXDhEzIq7Xx1BtmC4lGBK3SwAZ79+EUWiKawYHo14=
github.com/aws/aws-sdk-go-v2/service/ses v1.34.21 h1:mXFOYIoae5eigd1rgoikbnWkFi5lOLp5EhIJu4hCVqI=
github.com/aws/aws-sdk-go-v2/service/ses v1.34.21/go.mod h1:qCRiBxitqDG+NGbKdgbvllTUFEV9PUhlPnDtgY6tkBE=
github.com/aws/aws-sdk-go-v2/service/sfn v1.40.9 h1:b/BHYG0tfOlrgz63kfRaUos5dUjGq5fsgORRzliezuY=
github.com/aws/aws-sdk-go-v2/service/sfn v1.40.9/go.mod h1:H83X2bV4IWsap9FzYyE5uEow9mXwLs6B2E8X03ThbmU=
github.com/aws/aws-sdk-go-v2/service/signin v1.0.8 h1:0GFOLzEbOyZABS3PhYfBIx2rNBACYcKty+XGkTgw1ow=
github.com/aws/aws-sdk-go-v2/service/signin v1.0.8/go.mod h1:LXypKvk85AROkKhOG6/YEcHFPoX+prKTowKnVdcaIxE=
github.com/aws/aws-sdk-go-v2/service/sns v1.39.14 h1:p8WdWDh5AwSZdp19Haa3XMyPCICi9Z375a/Nu3IIEZY=
github.com/aws/aws-sdk-go-v2/service/sns v1.39.14/go.mod h1:NKVY7DER6VXHkt2I/ycmHakALNboi3Rqwt4eEf/1Cnk=
github.com/aws/aws-sdk-go-v2/service/sqs v1.42.24 h1:JP2wjWGmUp8lTCZb13Dv0Eciyc1jbO8pd0HZVMHFlrc=
github.com/aws/aws-sdk-go-v2/service/sqs v1.42.24/go.mod h1:Ql9ziDutk8ERAN9HMaYANCW3lop451ppebkxEJMLCTM=
github.com/aws/aws-sdk-go-v2/service/sso v1.30.13 h1:kiIDLZ005EcKomYYITtfsjn7dtOwHDOFy7IbPXKek2o=
github.com/aws/aws-sdk-go-v2/service/sso v1.30.13/go.mod h1:2h/xGEowcW/g38g06g3KpRWDlT+OTfxxI0o1KqayAB8=
github.com/aws/aws-sdk-go-v2/service/ssooidc v1.35.17 h1:jzKAXIlhZhJbnYwHbvUQZEB8KfgAEuG0dc08Bkda7NU=
github.com/aws/aws-sdk-go-v2/service/ssooidc v1.35.17/go.mod h1:Al9fFsXjv4KfbzQHGe6V4NZSZQXecFcvaIF4e70FoRA=
github.com/aws/aws-sdk-go-v2/service/sts v1.41.9 h1:Cng+OOwCHmFljXIxpEVXAGMnBia8MSU6Ch5i9PgBkcU=
github.com/aws/aws-sdk-go-v2/service/sts v1.41.9/go.mod h1:LrlIndBDdjA/EeXeyNBle+gyCwTlizzW5ycgWnvIxkk=
github.com/aws/aws-sdk-go-v2/service/timestreamwrite v1.35.19 h1:XkeqlcNouQtmViM1iIwmcpI3aQQYvBGzWLWEmK428eM=
github.com/aws/aws-sdk-go-v2/service/timestreamwrite v1.35.19/go.mod h1:wkELVGpfMlCbGh0codwFhQCkiunnDZiUkkGdydvHJwM=
github.com/aws/aws-sdk-go-v2/service/transfer v1.69.4 h1:A182zQlZOpGFdgw6hUSzS4Ew4H4YvEHBjS8ztPbjmlI=
github.com/aws/aws-sdk-go-v2/service/transfer v1.69.4/go.mod h1:uirylF9/pmoaUQBoMxNIj7zniwHtZJu8pA81LNCcqGM=
github.com/aws/aws-sdk-go-v2/service/wafv2 v1.71.2 h1:1ZdTCoMSPSrxNCVL65/Qnn0VVMJUtoJKf2Pqnp3hddo=
github.com/aws/aws-sdk-go-v2/service/wafv2 v1.71.2/go.mod h1:hON6vyPqEwH9ohKRLbYOf4mjg/zlYmpLEeRmF8vDX/8=
github.com/aws/aws-sdk-go-v2/service/workspaces v1.67.1 h1:SNQOkEaD9hcYWXr+SZVUVbgZMBFA3vlVT6JvNLMgAjc=
github.com/aws/aws-sdk-go-v2/service/workspaces v1.67.1/go.mod h1:lnp9oOzgkPvsKn/5Yyuft56CNVfc8uWeqg0/2kTtxUM=
github.com/aws/smithy-go v1.24.2 h1:FzA3bu/nt/vDvmnkg+R8Xl46gmzEDam6mZ1hzmwXFng=
github.com/aws/smithy-go v1.24.2/go.mod h1:YE2RhdIuDbA5E5bTdciG9KrW3+TiEONeUWCqxX9i1Fc=
github.com/cespare/xxhash/v2 v2.3.0 h1:UL815xU9SqsFlibzuggzjXhog7bL6oX9BbNZnL2UFvs=
github.com/cespare/xxhash/v2 v2.3.0/go.mod h1:VGX0DQ3Q6kWi7AoAeZDth3/j3BFtOZR5XLFGgcrjCOs=
github.com/cncf/xds/go v0.0.0-20251210132809-ee656c7534f5 h1:6xNmx7iTtyBRev0+D/Tv1FZd4SCg8axKApyNyRsAt/w=
github.com/cncf/xds/go v0.0.0-20251210132809-ee656c7534f5/go.mod h1:KdCmV+x/BuvyMxRnYBlmVaq4OLiKW6iRQfvC62cvdkI=
github.com/davecgh/go-spew v1.1.0/go.mod h1:J7Y8YcW2NihsgmVo/mv3lAwl/skON4iLHjSsI+c5H38=
github.com/davecgh/go-spew v1.1.2-0.20180830191138-d8f796af33cc h1:U9qPSI2PIWSS1VwoXQT9A3Wy9MM3WgvqSxFWenqJduM=
github.com/davecgh/go-spew v1.1.2-0.20180830191138-d8f796af33cc/go.mod h1:J7Y8YcW2NihsgmVo/mv3lAwl/skON4iLHjSsI+c5H38=
github.com/envoyproxy/go-control-plane v0.14.0 h1:hbG2kr4RuFj222B6+7T83thSPqLjwBIfQawTkC++2HA=
github.com/envoyproxy/go-control-plane v0.14.0/go.mod h1:NcS5X47pLl/hfqxU70yPwL9ZMkUlwlKxtAohpi2wBEU=
github.com/envoyproxy/go-control-plane/envoy v1.36.0 h1:yg/JjO5E7ubRyKX3m07GF3reDNEnfOboJ0QySbH736g=
github.com/envoyproxy/go-control-plane/envoy v1.36.0/go.mod h1:ty89S1YCCVruQAm9OtKeEkQLTb+Lkz0k8v9W0Oxsv98=
github.com/envoyproxy/go-control-plane/ratelimit v0.1.0 h1:/G9QYbddjL25KvtKTv3an9lx6VBE2cnb8wp1vEGNYGI=
github.com/envoyproxy/go-control-plane/ratelimit v0.1.0/go.mod h1:Wk+tMFAFbCXaJPzVVHnPgRKdUdwW/KdbRt94AzgRee4=
github.com/envoyproxy/protoc-gen-validate v1.3.0 h1:TvGH1wof4H33rezVKWSpqKz5NXWg5VPuZ0uONDT6eb4=
github.com/envoyproxy/protoc-gen-validate v1.3.0/go.mod h1:HvYl7zwPa5mffgyeTUHA9zHIH36nmrm7oCbo4YKoSWA=
github.com/felixge/httpsnoop v1.0.4 h1:NFTV2Zj1bL4mc9sqWACXbQFVBBg2W3GPvqp8/ESS2Wg=
github.com/felixge/httpsnoop v1.0.4/go.mod h1:m8KPJKqk1gH5J9DgRY2ASl2lWCfGKXixSwevea8zH2U=
github.com/go-chi/chi/v5 v5.2.5 h1:Eg4myHZBjyvJmAFjFvWgrqDTXFyOzjj7YIm3L3mu6Ug=
github.com/go-chi/chi/v5 v5.2.5/go.mod h1:X7Gx4mteadT3eDOMTsXzmI4/rwUpOwBHLpAfupzFJP0=
github.com/go-jose/go-jose/v4 v4.1.3 h1:CVLmWDhDVRa6Mi/IgCgaopNosCaHz7zrMeF9MlZRkrs=
github.com/go-jose/go-jose/v4 v4.1.3/go.mod h1:x4oUasVrzR7071A4TnHLGSPpNOm2a21K9Kf04k1rs08=
github.com/go-logr/logr v1.2.2/go.mod h1:jdQByPbusPIv2/zmleS9BjJVeZ6kBagPoEUsqbVz/1A=
github.com/go-logr/logr v1.4.3 h1:CjnDlHq8ikf6E492q6eKboGOC0T8CDaOvkHCIg8idEI=
github.com/go-logr/logr v1.4.3/go.mod h1:9T104GzyrTigFIr8wt5mBrctHMim0Nb2HLGrmQ40KvY=
github.com/go-logr/stdr v1.2.2 h1:hSWxHoqTgW2S2qGc0LTAI563KZ5YKYRhT3MFKZMbjag=
github.com/go-logr/stdr v1.2.2/go.mod h1:mMo/vtBO5dYbehREoey6XUKy/eSumjCCveDpRre4VKE=
github.com/gofrs/flock v0.10.0 h1:SHMXenfaB03KbroETaCMtbBg3Yn29v4w1r+tgy4ff4k=
github.com/gofrs/flock v0.10.0/go.mod h1:FirDy1Ing0mI2+kB6wk+vyyAH+e6xiE+EYA0jnzV9jc=
github.com/golang-jwt/jwt/v5 v5.3.0 h1:pv4AsKCKKZuqlgs5sUmn4x8UlGa0kEVt/puTpKx9vvo=
github.com/golang-jwt/jwt/v5 v5.3.0/go.mod h1:fxCRLWMO43lRc8nhHWY6LGqRcf+1gQWArsqaEUEa5bE=
github.com/golang/protobuf v1.5.4 h1:i7eJL8qZTpSEXOPTxNKhASYpMn+8e5Q6AdndVa1dWek=
github.com/golang/protobuf v1.5.4/go.mod h1:lnTiLA8Wa4RWRcIUkrtSVa5nRhsEGBg48fD6rSs7xps=
github.com/google/go-cmp v0.7.0 h1:wk8382ETsv4JYUZwIsn6YpYiWiBsYLSJiTsyBybVuN8=
github.com/google/go-cmp v0.7.0/go.mod h1:pXiqmnSA92OHEEa9HXL2W4E7lf9JzCmGVUdgjX3N/iU=
github.com/google/martian/v3 v3.3.3 h1:DIhPTQrbPkgs2yJYdXU/eNACCG5DVQjySNRNlflZ9Fc=
github.com/google/martian/v3 v3.3.3/go.mod h1:iEPrYcgCF7jA9OtScMFQyAlZZ4YXTKEtJ1E6RWzmBA0=
github.com/google/s2a-go v0.1.9 h1:LGD7gtMgezd8a/Xak7mEWL0PjoTQFvpRudN895yqKW0=
github.com/google/s2a-go v0.1.9/go.mod h1:YA0Ei2ZQL3acow2O62kdp9UlnvMmU7kA6Eutn0dXayM=
github.com/google/uuid v1.6.0 h1:NIvaJDMOsjHA8n1jAhLSgzrAzy1Hgr+hNrb57e+94F0=
github.com/google/uuid v1.6.0/go.mod h1:TIyPZe4MgqvfeYDBFedMoGGpEw/LqOeaOT+nhxU+yHo=
github.com/googleapis/enterprise-certificate-proxy v0.3.14 h1:yh8ncqsbUY4shRD5dA6RlzjJaT4hi3kII+zYw8wmLb8=
github.com/googleapis/enterprise-certificate-proxy v0.3.14/go.mod h1:vqVt9yG9480NtzREnTlmGSBmFrA+bzb0yl0TxoBQXOg=
github.com/googleapis/gax-go/v2 v2.18.0 h1:jxP5Uuo3bxm3M6gGtV94P4lliVetoCB4Wk2x8QA86LI=
github.com/googleapis/gax-go/v2 v2.18.0/go.mod h1:uSzZN4a356eRG985CzJ3WfbFSpqkLTjsnhWGJR6EwrE=
github.com/keybase/go-keychain v0.0.1 h1:way+bWYa6lDppZoZcgMbYsvC7GxljxrskdNInRtuthU=
github.com/keybase/go-keychain v0.0.1/go.mod h1:PdEILRW3i9D8JcdM+FmY6RwkHGnhHxXwkPPMeUgOK1k=
github.com/kylelemons/godebug v1.1.0 h1:RPNrshWIDI6G2gRW9EHilWtl7Z6Sb1BR0xunSBf0SNc=
github.com/kylelemons/godebug v1.1.0/go.mod h1:9/0rRGxNHcop5bhtWyNeEfOS8JIWk580+fNqagV/RAw=
github.com/oracle/oci-go-sdk/v65 v65.109.2 h1:epzga51qucVjF+8ci2oYYq+mi3cE0DACGmC139WecMM=
github.com/oracle/oci-go-sdk/v65 v65.109.2/go.mod h1:8ZzvzuEG/cFLFZhxg/Mg1w19KqyXBKO3c17QIc5PkGs=
github.com/pkg/browser v0.0.0-20240102092130-5ac0b6a4141c h1:+mdjkGKdHQG3305AYmdv1U2eRNDiU2ErMBj1gwrq8eQ=
github.com/pkg/browser v0.0.0-20240102092130-5ac0b6a4141c/go.mod h1:7rwL4CYBLnjLxUqIJNnCWiEdr3bn6IUYi15bNlnbCCU=
github.com/planetscale/vtprotobuf v0.6.1-0.20240319094008-0393e58bdf10 h1:GFCKgmp0tecUJ0sJuv4pzYCqS9+RGSn52M3FUwPs+uo=
github.com/planetscale/vtprotobuf v0.6.1-0.20240319094008-0393e58bdf10/go.mod h1:t/avpk3KcrXxUnYOhZhMXJlSEyie6gQbtLq5NM3loB8=
github.com/pmezard/go-difflib v1.0.0/go.mod h1:iKH77koFhYxTK1pcRnkKkqfTogsbg7gZNVY4sRDYZ/4=
github.com/pmezard/go-difflib v1.0.1-0.20181226105442-5d4384ee4fb2 h1:Jamvg5psRIccs7FGNTlIRMkT8wgtp5eCXdBlqhYGL6U=
github.com/pmezard/go-difflib v1.0.1-0.20181226105442-5d4384ee4fb2/go.mod h1:iKH77koFhYxTK1pcRnkKkqfTogsbg7gZNVY4sRDYZ/4=
github.com/sony/gobreaker v0.5.0 h1:dRCvqm0P490vZPmy7ppEk2qCnCieBooFJ+YoXGYB+yg=
github.com/sony/gobreaker v0.5.0/go.mod h1:ZKptC7FHNvhBz7dN2LGjPVBz2sZJmc0/PkyDJOjmxWY=
github.com/spiffe/go-spiffe/v2 v2.6.0 h1:l+DolpxNWYgruGQVV0xsfeya3CsC7m8iBzDnMpsbLuo=
github.com/spiffe/go-spiffe/v2 v2.6.0/go.mod h1:gm2SeUoMZEtpnzPNs2Csc0D/gX33k1xIx7lEzqblHEs=
github.com/stretchr/objx v0.1.0/go.mod h1:HFkY916IF+rwdDfMAkV7OtwuqBVzrE8GR6GFx+wExME=
github.com/stretchr/objx v0.5.2 h1:xuMeJ0Sdp5ZMRXx/aWO6RZxdr3beISkG5/G/aIRr3pY=
github.com/stretchr/objx v0.5.2/go.mod h1:FRsXN1f5AsAjCGJKqEizvkpNtU+EGNCLh3NxZ/8L+MA=
github.com/stretchr/testify v1.3.0/go.mod h1:M5WIy9Dh21IEIfnGCwXGc5bZfKNJtfHm1UVUgZn+9EI=
github.com/stretchr/testify v1.11.1 h1:7s2iGBzp5EwR7/aIZr8ao5+dra3wiQyKjjFuvgVKu7U=
github.com/stretchr/testify v1.11.1/go.mod h1:wZwfW3scLgRK+23gO65QZefKpKQRnfz6sD981Nm4B6U=
github.com/youmark/pkcs8 v0.0.0-20240726163527-a2c0da244d78 h1:ilQV1hzziu+LLM3zUTJ0trRztfwgjqKnBWNtSRkbmwM=
github.com/youmark/pkcs8 v0.0.0-20240726163527-a2c0da244d78/go.mod h1:aL8wCCfTfSfmXjznFBSZNN13rSJjlIOI1fUNAtF7rmI=
go.opentelemetry.io/auto/sdk v1.2.1 h1:jXsnJ4Lmnqd11kwkBV2LgLoFMZKizbCi5fNZ/ipaZ64=
go.opentelemetry.io/auto/sdk v1.2.1/go.mod h1:KRTj+aOaElaLi+wW1kO/DZRXwkF4C5xPbEe3ZiIhN7Y=
go.opentelemetry.io/contrib/detectors/gcp v1.39.0 h1:kWRNZMsfBHZ+uHjiH4y7Etn2FK26LAGkNFw7RHv1DhE=
go.opentelemetry.io/contrib/detectors/gcp v1.39.0/go.mod h1:t/OGqzHBa5v6RHZwrDBJ2OirWc+4q/w2fTbLZwAKjTk=
go.opentelemetry.io/contrib/instrumentation/google.golang.org/grpc/otelgrpc v0.63.0 h1:YH4g8lQroajqUwWbq/tr2QX1JFmEXaDLgG+ew9bLMWo=
go.opentelemetry.io/contrib/instrumentation/google.golang.org/grpc/otelgrpc v0.63.0/go.mod h1:fvPi2qXDqFs8M4B4fmJhE92TyQs9Ydjlg3RvfUp+NbQ=
go.opentelemetry.io/contrib/instrumentation/net/http/otelhttp v0.61.0 h1:F7Jx+6hwnZ41NSFTO5q4LYDtJRXBf2PD0rNBkeB/lus=
go.opentelemetry.io/contrib/instrumentation/net/http/otelhttp v0.61.0/go.mod h1:UHB22Z8QsdRDrnAtX4PntOl36ajSxcdUMt1sF7Y6E7Q=
go.opentelemetry.io/otel v1.40.0 h1:oA5YeOcpRTXq6NN7frwmwFR0Cn3RhTVZvXsP4duvCms=
go.opentelemetry.io/otel v1.40.0/go.mod h1:IMb+uXZUKkMXdPddhwAHm6UfOwJyh4ct1ybIlV14J0g=
go.opentelemetry.io/otel/exporters/stdout/stdoutmetric v1.40.0 h1:ZrPRak/kS4xI3AVXy8F7pipuDXmDsrO8Lg+yQjBLjw0=
go.opentelemetry.io/otel/exporters/stdout/stdoutmetric v1.40.0/go.mod h1:3y6kQCWztq6hyW8Z9YxQDDm0Je9AJoFar2G0yDcmhRk=
go.opentelemetry.io/otel/metric v1.40.0 h1:rcZe317KPftE2rstWIBitCdVp89A2HqjkxR3c11+p9g=
go.opentelemetry.io/otel/metric v1.40.0/go.mod h1:ib/crwQH7N3r5kfiBZQbwrTge743UDc7DTFVZrrXnqc=
go.opentelemetry.io/otel/sdk v1.40.0 h1:KHW/jUzgo6wsPh9At46+h4upjtccTmuZCFAc9OJ71f8=
go.opentelemetry.io/otel/sdk v1.40.0/go.mod h1:Ph7EFdYvxq72Y8Li9q8KebuYUr2KoeyHx0DRMKrYBUE=
go.opentelemetry.io/otel/sdk/metric v1.40.0 h1:mtmdVqgQkeRxHgRv4qhyJduP3fYJRMX4AtAlbuWdCYw=
go.opentelemetry.io/otel/sdk/metric v1.40.0/go.mod h1:4Z2bGMf0KSK3uRjlczMOeMhKU2rhUqdWNoKcYrtcBPg=
go.opentelemetry.io/otel/trace v1.40.0 h1:WA4etStDttCSYuhwvEa8OP8I5EWu24lkOzp+ZYblVjw=
go.opentelemetry.io/otel/trace v1.40.0/go.mod h1:zeAhriXecNGP/s2SEG3+Y8X9ujcJOTqQ5RgdEJcawiA=
golang.org/x/crypto v0.49.0 h1:+Ng2ULVvLHnJ/ZFEq4KdcDd/cfjrrjjNSXNzxg0Y4U4=
golang.org/x/crypto v0.49.0/go.mod h1:ErX4dUh2UM+CFYiXZRTcMpEcN8b/1gxEuv3nODoYtCA=
golang.org/x/net v0.52.0 h1:He/TN1l0e4mmR3QqHMT2Xab3Aj3L9qjbhRm78/6jrW0=
golang.org/x/net v0.52.0/go.mod h1:R1MAz7uMZxVMualyPXb+VaqGSa3LIaUqk0eEt3w36Sw=
golang.org/x/oauth2 v0.36.0 h1:peZ/1z27fi9hUOFCAZaHyrpWG5lwe0RJEEEeH0ThlIs=
golang.org/x/oauth2 v0.36.0/go.mod h1:YDBUJMTkDnJS+A4BP4eZBjCqtokkg1hODuPjwiGPO7Q=
golang.org/x/sync v0.20.0 h1:e0PTpb7pjO8GAtTs2dQ6jYa5BWYlMuX047Dco/pItO4=
golang.org/x/sync v0.20.0/go.mod h1:9xrNwdLfx4jkKbNva9FpL6vEN7evnE43NNNJQ2LF3+0=
golang.org/x/sys v0.1.0/go.mod h1:oPkhp1MJrh7nUepCBck5+mAzfO9JrbApNNgaTdGDITg=
golang.org/x/sys v0.42.0 h1:omrd2nAlyT5ESRdCLYdm3+fMfNFE/+Rf4bDIQImRJeo=
golang.org/x/sys v0.42.0/go.mod h1:4GL1E5IUh+htKOUEOaiffhrAeqysfVGipDYzABqnCmw=
golang.org/x/text v0.35.0 h1:JOVx6vVDFokkpaq1AEptVzLTpDe9KGpj5tR4/X+ybL8=
golang.org/x/text v0.35.0/go.mod h1:khi/HExzZJ2pGnjenulevKNX1W67CUy0AsXcNubPGCA=
golang.org/x/time v0.15.0 h1:bbrp8t3bGUeFOx08pvsMYRTCVSMk89u4tKbNOZbp88U=
golang.org/x/time v0.15.0/go.mod h1:Y4YMaQmXwGQZoFaVFk4YpCt4FLQMYKZe9oeV/f4MSno=
gonum.org/v1/gonum v0.16.0 h1:5+ul4Swaf3ESvrOnidPp4GZbzf0mxVQpDCYUQE7OJfk=
gonum.org/v1/gonum v0.16.0/go.mod h1:fef3am4MQ93R2HHpKnLk4/Tbh/s0+wqD5nfa6Pnwy4E=
google.golang.org/api v0.272.0 h1:eLUQZGnAS3OHn31URRf9sAmRk3w2JjMx37d2k8AjJmA=
google.golang.org/api v0.272.0/go.mod h1:wKjowi5LNJc5qarNvDCvNQBn3rVK8nSy6jg2SwRwzIA=
google.golang.org/genproto v0.0.0-20260217215200-42d3e9bedb6d h1:vsOm753cOAMkt76efriTCDKjpCbK18XGHMJHo0JUKhc=
google.golang.org/genproto v0.0.0-20260217215200-42d3e9bedb6d/go.mod h1:0oz9d7g9QLSdv9/lgbIjowW1JoxMbxmBVNe8i6tORJI=
google.golang.org/genproto/googleapis/api v0.0.0-20260226221140-a57be14db171 h1:tu/dtnW1o3wfaxCOjSLn5IRX4YDcJrtlpzYkhHhGaC4=
google.golang.org/genproto/googleapis/api v0.0.0-20260226221140-a57be14db171/go.mod h1:M5krXqk4GhBKvB596udGL3UyjL4I1+cTbK0orROM9ng=
google.golang.org/genproto/googleapis/rpc v0.0.0-20260311181403-84a4fc48630c h1:xgCzyF2LFIO/0X2UAoVRiXKU5Xg6VjToG4i2/ecSswk=
google.golang.org/genproto/googleapis/rpc v0.0.0-20260311181403-84a4fc48630c/go.mod h1:4Hqkh8ycfw05ld/3BWL7rJOSfebL2Q+DVDeRgYgxUU8=
google.golang.org/grpc v1.79.2 h1:fRMD94s2tITpyJGtBBn7MkMseNpOZU8ZxgC3MMBaXRU=
google.golang.org/grpc v1.79.2/go.mod h1:KmT0Kjez+0dde/v2j9vzwoAScgEPx/Bw1CYChhHLrHQ=
google.golang.org/protobuf v1.36.11 h1:fV6ZwhNocDyBLK0dj+fg8ektcVegBBuEolpbTQyBNVE=
google.golang.org/protobuf v1.36.11/go.mod h1:HTf+CrKn2C3g5S8VImy6tdcUvCska2kB7j23XfzDpco=
gopkg.in/yaml.v3 v3.0.1 h1:fxVm/GzAzEWqLHuvctI91KS9hhNmmWOoWu0XTYJS7CA=
gopkg.in/yaml.v3 v3.0.1/go.mod h1:K4uyk7z7BCEPqu6E+C64Yfv1cQ7kz7rIZviUmN+EgEM=
